
Microsoft Visual Studio Solution File, Format Version 12.00
# Visual Studio Version 16
VisualStudioVersion = 16.0.810.7
MinimumVisualStudioVersion = 10.0.40219.1
Project("{FAE04EC0-301F-11D3-BF4B-00C04F79EFBC}") = "TDDFizzBuzz.Tests", "TDDFizzBuzz.Test\TDDFizzBuzz.Tests.csproj", "{C4C00D42-6615-449A-AE06-D9F315E2841E}"
EndProject
Project("{FAE04EC0-301F-11D3-BF4B-00C04F79EFBC}") = "TDDFizzBuzz", "TDDFizzBuzz\TDDFizzBuzz.csproj", "{7D8BD5BB-F5DC-426C-9BF4-C24023FE5B2B}"
EndProject
Global
	GlobalSection(SolutionConfigurationPlatforms) = preSolution
		Debug|Any CPU = Debug|Any CPU
		Release|Any CPU = Release|Any CPU
	EndGlobalSection
	GlobalSection(ProjectConfigurationPlatforms) = postSolution
		{C4C00D42-6615-449A-AE06-D9F315E2841E}.Debug|Any CPU.ActiveCfg = Debug|Any CPU
		{C4C00D42-6615-449A-AE06-D9F315E2841E}.Debug|Any CPU.Build.0 = Debug|Any CPU
		{C4C00D42-6615-449A-AE06-D9F315E2841E}.Release|Any CPU.ActiveCfg = Release|Any CPU
		{C4C00D42-6615-449A-AE06-D9F315E2841E}.Release|Any CPU.Build.0 = Release|Any CPU
		{7D8BD5BB-F5DC-426C-9BF4-C24023FE5B2B}.Debug|Any CPU.ActiveCfg = Debug|Any CPU
		{7D8BD5BB-F5DC-426C-9BF4-C24023FE5B2B}.Debug|Any CPU.Build.0 = Debug|Any CPU
		{7D8BD5BB-F5DC-426C-9BF4-C24023FE5B2B}.Release|Any CPU.ActiveCfg = Release|Any CPU
		{7D8BD5BB-F5DC-426C-9BF4-C24023FE5B2B}.Release|Any CPU.Build.0 = Release|Any CPU
	EndGlobalSection
	GlobalSection(SolutionProperties) = preSolution
		HideSolutionNode = FALSE
	EndGlobalSection
	GlobalSection(ExtensibilityGlobals) = postSolution
		SolutionGuid = {8F42772B-F2BB-45E0-88CA-D2BC215F2E63}
	EndGlobalSection
	GlobalSection(MonoDevelopProperties) = preSolution
		Policies = $0
		$0.DotNetNamingPolicy = $1
		$1.DirectoryNamespaceAssociation = PrefixedHierarchical
	EndGlobalSection
EndGlobal
